
Microsoft Visual Studio Solution File, Format Version 12.00
# Visual Studio Version 17
VisualStudioVersion = 17.6.33717.318
MinimumVisualStudioVersion = 10.0.40219.1
Project("{FAE04EC0-301F-11D3-BF4B-00C04F79EFBC}") = "WebApplication6", "WebApplication6.csproj", "{13EB1808-F652-45E1-AAF4-3ADC328BFB5D}"
EndProject
Global
	GlobalSection(SolutionConfigurationPlatforms) = preSolution
		Debug|Any CPU = Debug|Any CPU
		Release|Any CPU = Release|Any CPU
	EndGlobalSection
	GlobalSection(ProjectConfigurationPlatforms) = postSolution
		{13EB1808-F652-45E1-AAF4-3ADC328BFB5D}.Debug|Any CPU.ActiveCfg = Debug|Any CPU
		{13EB1808-F652-45E1-AAF4-3ADC328BFB5D}.Debug|Any CPU.Build.0 = Debug|Any CPU
		{13EB1808-F652-45E1-AAF4-3ADC328BFB5D}.Release|Any CPU.ActiveCfg = Release|Any CPU
		{13EB1808-F652-45E1-AAF4-3ADC328BFB5D}.Release|Any CPU.Build.0 = Release|Any CPU
	EndGlobalSection
	GlobalSection(SolutionProperties) = preSolution
		HideSolutionNode = FALSE
	EndGlobalSection
	GlobalSection(ExtensibilityGlobals) = postSolution
		SolutionGuid = {E0ED25DE-B5CD-45A8-8F72-BE786E4857C6}
	EndGlobalSection
EndGlobal
